// !$*UTF8*$!
{
	archiveVersion = 1;
	classes = {
	};
	objectVersion = 48;
	objects = {

/* Begin PBXBuildFile section */
		79F1879B1FABABA000FBF52C /* Shell.cpp in Sources */ = {isa = PBXBuildFile; fileRef = 79F187901FABAB9F00FBF52C /* Shell.cpp */; };
		79F1879C1FABABA000FBF52C /* And.cpp in Sources */ = {isa = PBXBuildFile; fileRef = 79F187931FABAB9F00FBF52C /* And.cpp */; };
		79F1879D1FABABA000FBF52C /* main.cpp in Sources */ = {isa = PBXBuildFile; fileRef = 79F187941FABAB9F00FBF52C /* main.cpp */; };
		79F1879E1FABABA000FBF52C /* Command.cpp in Sources */ = {isa = PBXBuildFile; fileRef = 79F187991FABABA000FBF52C /* Command.cpp */; };
		79F1879F1FABABA000FBF52C /* Or.cpp in Sources */ = {isa = PBXBuildFile; fileRef = 79F1879A1FABABA000FBF52C /* Or.cpp */; };
/* End PBXBuildFile section */

/* Begin PBXCopyFilesBuildPhase section */
		79F187841FABAB7E00FBF52C /* CopyFiles */ = {
			isa = PBXCopyFilesBuildPhase;
			buildActionMask = 2147483647;
			dstPath = /usr/share/man/man1/;
			dstSubfolderSpec = 0;
			files = (
			);
			runOnlyForDeploymentPostprocessing = 1;
		};
/* End PBXCopyFilesBuildPhase section */

/* Begin PBXFileReference section */
		79F187861FABAB7E00FBF52C /* rshell */ = {isa = PBXFileReference; explicitFileType = "compiled.mach-o.executable"; includeInIndex = 0; path = rshell; sourceTree = BUILT_PRODUCTS_DIR; };
		79F187901FABAB9F00FBF52C /* Shell.cpp */ = {isa = PBXFileReference; fileEncoding = 4; lastKnownFileType = sourcecode.cpp.cpp; name = Shell.cpp; path = ../Shell.cpp; sourceTree = "<group>"; };
		79F187911FABAB9F00FBF52C /* And.h */ = {isa = PBXFileReference; fileEncoding = 4; lastKnownFileType = sourcecode.c.h; name = And.h; path = ../And.h; sourceTree = "<group>"; };
		79F187921FABAB9F00FBF52C /* Base.h */ = {isa = PBXFileReference; fileEncoding = 4; lastKnownFileType = sourcecode.c.h; name = Base.h; path = ../Base.h; sourceTree = "<group>"; };
		79F187931FABAB9F00FBF52C /* And.cpp */ = {isa = PBXFileReference; fileEncoding = 4; lastKnownFileType = sourcecode.cpp.cpp; name = And.cpp; path = ../And.cpp; sourceTree = "<group>"; };
		79F187941FABAB9F00FBF52C /* main.cpp */ = {isa = PBXFileReference; fileEncoding = 4; lastKnownFileType = sourcecode.cpp.cpp; name = main.cpp; path = ../main.cpp; sourceTree = "<group>"; };
		79F187951FABAB9F00FBF52C /* Or.h */ = {isa = PBXFileReference; fileEncoding = 4; lastKnownFileType = sourcecode.c.h; name = Or.h; path = ../Or.h; sourceTree = "<group>"; };
		79F187961FABAB9F00FBF52C /* Shell.h */ = {isa = PBXFileReference; fileEncoding = 4; lastKnownFileType = sourcecode.c.h; name = Shell.h; path = ../Shell.h; sourceTree = "<group>"; };
		79F187971FABAB9F00FBF52C /* Command.h */ = {isa = PBXFileReference; fileEncoding = 4; lastKnownFileType = sourcecode.c.h; name = Command.h; path = ../Command.h; sourceTree = "<group>"; };
		79F187981FABAB9F00FBF52C /* Connector.h */ = {isa = PBXFileReference; fileEncoding = 4; lastKnownFileType = sourcecode.c.h; name = Connector.h; path = ../Connector.h; sourceTree = "<group>"; };
		79F187991FABABA000FBF52C /* Command.cpp */ = {isa = PBXFileReference; fileEncoding = 4; lastKnownFileType = sourcecode.cpp.cpp; name = Command.cpp; path = ../Command.cpp; sourceTree = "<group>"; };
		79F1879A1FABABA000FBF52C /* Or.cpp */ = {isa = PBXFileReference; fileEncoding = 4; lastKnownFileType = sourcecode.cpp.cpp; name = Or.cpp; path = ../Or.cpp; sourceTree = "<group>"; };
/* End PBXFileReference section */

/* Begin PBXFrameworksBuildPhase section */
		79F187831FABAB7E00FBF52C /* Frameworks */ = {
			isa = PBXFrameworksBuildPhase;
			buildActionMask = 2147483647;
			files = (
			);
			runOnlyForDeploymentPostprocessing = 0;
		};
/* End PBXFrameworksBuildPhase section */

/* Begin PBXGroup section */
		79F1877D1FABAB7E00FBF52C = {
			isa = PBXGroup;
			children = (
				79F187881FABAB7E00FBF52C /* rshell */,
				79F187871FABAB7E00FBF52C /* Products */,
				79F187931FABAB9F00FBF52C /* And.cpp */,
				79F187911FABAB9F00FBF52C /* And.h */,
				79F187921FABAB9F00FBF52C /* Base.h */,
				79F187991FABABA000FBF52C /* Command.cpp */,
				79F187971FABAB9F00FBF52C /* Command.h */,
				79F187981FABAB9F00FBF52C /* Connector.h */,
				79F187941FABAB9F00FBF52C /* main.cpp */,
				79F1879A1FABABA000FBF52C /* Or.cpp */,
				79F187951FABAB9F00FBF52C /* Or.h */,
				79F187901FABAB9F00FBF52C /* Shell.cpp */,
				79F187961FABAB9F00FBF52C /* Shell.h */,
			);
			sourceTree = "<group>";
		};
		79F187871FABAB7E00FBF52C /* Products */ = {
			isa = PBXGroup;
			children = (
				79F187861FABAB7E00FBF52C /* rshell */,
			);
			name = Products;
			sourceTree = "<group>";
		};
		79F187881FABAB7E00FBF52C /* rshell */ = {
			isa = PBXGroup;
			children = (
			);
			path = rshell;
			sourceTree = "<group>";
		};
/* End PBXGroup section */

/* Begin PBXNativeTarget section */
		79F187851FABAB7E00FBF52C /* rshell */ = {
			isa = PBXNativeTarget;
			buildConfigurationList = 79F1878D1FABAB7E00FBF52C /* Build configuration list for PBXNativeTarget "rshell" */;
			buildPhases = (
				79F187821FABAB7E00FBF52C /* Sources */,
				79F187831FABAB7E00FBF52C /* Frameworks */,
				79F187841FABAB7E00FBF52C /* CopyFiles */,
			);
			buildRules = (
			);
			dependencies = (
			);
			name = rshell;
			productName = rshell;
			productReference = 79F187861FABAB7E00FBF52C /* rshell */;
			productType = "com.apple.product-type.tool";
		};
/* End PBXNativeTarget section */

/* Begin PBXProject section */
		79F1877E1FABAB7E00FBF52C /* Project object */ = {
			isa = PBXProject;
			attributes = {
				LastUpgradeCheck = 0900;
				ORGANIZATIONNAME = "james luo";
				TargetAttributes = {
					79F187851FABAB7E00FBF52C = {
						CreatedOnToolsVersion = 9.0.1;
						ProvisioningStyle = Automatic;
					};
				};
			};
			buildConfigurationList = 79F187811FABAB7E00FBF52C /* Build configuration list for PBXProject "rshell" */;
			compatibilityVersion = "Xcode 8.0";
			developmentRegion = en;
			hasScannedForEncodings = 0;
			knownRegions = (
				en,
			);
			mainGroup = 79F1877D1FABAB7E00FBF52C;
			productRefGroup = 79F187871FABAB7E00FBF52C /* Products */;
			projectDirPath = "";
			projectRoot = "";
			targets = (
				79F187851FABAB7E00FBF52C /* rshell */,
			);
		};
/* End PBXProject section */

/* Begin PBXSourcesBuildPhase section */
		79F187821FABAB7E00FBF52C /* Sources */ = {
			isa = PBXSourcesBuildPhase;
			buildActionMask = 2147483647;
			files = (
				79F1879F1FABABA000FBF52C /* Or.cpp in Sources */,
				79F1879B1FABABA000FBF52C /* Shell.cpp in Sources */,
				79F1879C1FABABA000FBF52C /* And.cpp in Sources */,
				79F1879D1FABABA000FBF52C /* main.cpp in Sources */,
				79F1879E1FABABA000FBF52C /* Command.cpp in Sources */,
			);
			runOnlyForDeploymentPostprocessing = 0;
		};
/* End PBXSourcesBuildPhase section */

/* Begin XCBuildConfiguration section */
		79F1878B1FABAB7E00FBF52C /* Debug */ = {
			isa = XCBuildConfiguration;
			buildSettings = {
				ALWAYS_SEARCH_USER_PATHS = NO;
				CLANG_ANALYZER_NONNULL = YES;
				CLANG_ANALYZER_NUMBER_OBJECT_CONVERSION = YES_AGGRESSIVE;
				CLANG_CXX_LANGUAGE_STANDARD = "gnu++14";
				CLANG_CXX_LIBRARY = "libc++";
				CLANG_ENABLE_MODULES = YES;
				CLANG_ENABLE_OBJC_ARC = YES;
				CLANG_WARN_BLOCK_CAPTURE_AUTORELEASING = YES;
				CLANG_WARN_BOOL_CONVERSION = YES;
				CLANG_WARN_COMMA = YES;
				CLANG_WARN_CONSTANT_CONVERSION = YES;
				CLANG_WARN_DIRECT_OBJC_ISA_USAGE = YES_ERROR;
				CLANG_WARN_DOCUMENTATION_COMMENTS = YES;
				CLANG_WARN_EMPTY_BODY = YES;
				CLANG_WARN_ENUM_CONVERSION = YES;
				CLANG_WARN_INFINITE_RECURSION = YES;
				CLANG_WARN_INT_CONVERSION = YES;
				CLANG_WARN_NON_LITERAL_NULL_CONVERSION = YES;
				CLANG_WARN_OBJC_LITERAL_CONVERSION = YES;
				CLANG_WARN_OBJC_ROOT_CLASS = YES_ERROR;
				CLANG_WARN_RANGE_LOOP_ANALYSIS = YES;
				CLANG_WARN_STRICT_PROTOTYPES = YES;
				CLANG_WARN_SUSPICIOUS_MOVE = YES;
				CLANG_WARN_UNGUARDED_AVAILABILITY = YES_AGGRESSIVE;
				CLANG_WARN_UNREACHABLE_CODE = YES;
				CLANG_WARN__DUPLICATE_METHOD_MATCH = YES;
				CODE_SIGN_IDENTITY = "Mac Developer";
				COPY_PHASE_STRIP = NO;
				DEBUG_INFORMATION_FORMAT = dwarf;
				ENABLE_STRICT_OBJC_MSGSEND = YES;
				ENABLE_TESTABILITY = YES;
				GCC_C_LANGUAGE_STANDARD = gnu11;
				GCC_DYNAMIC_NO_PIC = NO;
				GCC_NO_COMMON_BLOCKS = YES;
				GCC_OPTIMIZATION_LEVEL = 0;
				GCC_PREPROCESSOR_DEFINITIONS = (
					"DEBUG=1",
					"$(inherited)",
				);
				GCC_WARN_64_TO_32_BIT_CONVERSION = YES;
				GCC_WARN_ABOUT_RETURN_TYPE = YES_ERROR;
				GCC_WARN_UNDECLARED_SELECTOR = YES;
				GCC_WARN_UNINITIALIZED_AUTOS = YES_AGGRESSIVE;
				GCC_WARN_UNUSED_FUNCTION = YES;
				GCC_WARN_UNUSED_VARIABLE = YES;
				MACOSX_DEPLOYMENT_TARGET = 10.13;
				MTL_ENABLE_DEBUG_INFO = YES;
				ONLY_ACTIVE_ARCH = YES;
				SDKROOT = macosx;
			};
			name = Debug;
		};
		79F1878C1FABAB7E00FBF52C /* Release */ = {
			isa = XCBuildConfiguration;
			buildSettings = {
				ALWAYS_SEARCH_USER_PATHS = NO;
				CLANG_ANALYZER_NONNULL = YES;
				CLANG_ANALYZER_NUMBER_OBJECT_CONVERSION = YES_AGGRESSIVE;
				CLANG_CXX_LANGUAGE_STANDARD = "gnu++14";
				CLANG_CXX_LIBRARY = "libc++";
				CLANG_ENABLE_MODULES = YES;
				CLANG_ENABLE_OBJC_ARC = YES;
				CLANG_WARN_BLOCK_CAPTURE_AUTORELEASING = YES;
				CLANG_WARN_BOOL_CONVERSION = YES;
				CLANG_WARN_COMMA = YES;
				CLANG_WARN_CONSTANT_CONVERSION = YES;
				CLANG_WARN_DIRECT_OBJC_ISA_USAGE = YES_ERROR;
				CLANG_WARN_DOCUMENTATION_COMMENTS = YES;
				CLANG_WARN_EMPTY_BODY = YES;
				CLANG_WARN_ENUM_CONVERSION = YES;
				CLANG_WARN_INFINITE_RECURSION = YES;
				CLANG_WARN_INT_CONVERSION = YES;
				CLANG_WARN_NON_LITERAL_NULL_CONVERSION = YES;
				CLANG_WARN_OBJC_LITERAL_CONVERSION = YES;
				CLANG_WARN_OBJC_ROOT_CLASS = YES_ERROR;
				CLANG_WARN_RANGE_LOOP_ANALYSIS = YES;
				CLANG_WARN_STRICT_PROTOTYPES = YES;
				CLANG_WARN_SUSPICIOUS_MOVE = YES;
				CLANG_WARN_UNGUARDED_AVAILABILITY = YES_AGGRESSIVE;
				CLANG_WARN_UNREACHABLE_CODE = YES;
				CLANG_WARN__DUPLICATE_METHOD_MATCH = YES;
				CODE_SIGN_IDENTITY = "Mac Developer";
				COPY_PHASE_STRIP = NO;
				DEBUG_INFORMATION_FORMAT = "dwarf-with-dsym";
				ENABLE_NS_ASSERTIONS = NO;
				ENABLE_STRICT_OBJC_MSGSEND = YES;
				GCC_C_LANGUAGE_STANDARD = gnu11;
				GCC_NO_COMMON_BLOCKS = YES;
				GCC_WARN_64_TO_32_BIT_CONVERSION = YES;
				GCC_WARN_ABOUT_RETURN_TYPE = YES_ERROR;
				GCC_WARN_UNDECLARED_SELECTOR = YES;
				GCC_WARN_UNINITIALIZED_AUTOS = YES_AGGRESSIVE;
				GCC_WARN_UNUSED_FUNCTION = YES;
				GCC_WARN_UNUSED_VARIABLE = YES;
				MACOSX_DEPLOYMENT_TARGET = 10.13;
				MTL_ENABLE_DEBUG_INFO = NO;
				SDKROOT = macosx;
			};
			name = Release;
		};
		79F1878E1FABAB7E00FBF52C /* Debug */ = {
			isa = XCBuildConfiguration;
			buildSettings = {
				CODE_SIGN_STYLE = Automatic;
				DEVELOPMENT_TEAM = 8RS9W23TVG;
				HEADER_SEARCH_PATHS = /usr/local/include/;
				LIBRARY_SEARCH_PATHS = /usr/local/lib/;
				PRODUCT_NAME = "$(TARGET_NAME)";
			};
			name = Debug;
		};
		79F1878F1FABAB7E00FBF52C /* Release */ = {
			isa = XCBuildConfiguration;
			buildSettings = {
				CODE_SIGN_STYLE = Automatic;
				DEVELOPMENT_TEAM = 8RS9W23TVG;
				HEADER_SEARCH_PATHS = /usr/local/include/;
				LIBRARY_SEARCH_PATHS = /usr/local/lib/;
				PRODUCT_NAME = "$(TARGET_NAME)";
			};
			name = Release;
		};
/* End XCBuildConfiguration section */

/* Begin XCConfigurationList section */
		79F187811FABAB7E00FBF52C /* Build configuration list for PBXProject "rshell" */ = {
			isa = XCConfigurationList;
			buildConfigurations = (
				79F1878B1FABAB7E00FBF52C /* Debug */,
				79F1878C1FABAB7E00FBF52C /* Release */,
			);
			defaultConfigurationIsVisible = 0;
			defaultConfigurationName = Release;
		};
		79F1878D1FABAB7E00FBF52C /* Build configuration list for PBXNativeTarget "rshell" */ = {
			isa = XCConfigurationList;
			buildConfigurations = (
				79F1878E1FABAB7E00FBF52C /* Debug */,
				79F1878F1FABAB7E00FBF52C /* Release */,
			);
			defaultConfigurationIsVisible = 0;
			defaultConfigurationName = Release;
		};
/* End XCConfigurationList section */
	};
	rootObject = 79F1877E1FABAB7E00FBF52C /* Project object */;
}
